# Generated by buf. DO NOT EDIT.
version: v1
deps:
  - remote: buf.build
    owner: awe76
    repository: sagatransactionapis
    branch: main
    commit: 1c87fc2d7fc04ffcb18b4e1ed7f3fa01
    digest: b1-FOjhj386DcCifu0mTzdaBWQUCZuW4YZBqqR6rIrSxWE=
    create_time: 2022-01-14T00:29:18.490055Z
  - remote: buf.build
    owner: googleapis
    repository: googleapis
    branch: main
    commit: 92afa5a25d284de597f3df0f88cf8036
    digest: b1-zlxeWYCQC2DWR_o2RwWHiFbmukHooH9k9hBsFiwiLME=
    create_time: 2022-01-13T14:17:06.196275Z
